// !$*UTF8*$!
{
	archiveVersion = 1;
	classes = {
	};
	objectVersion = 77;
	objects = {

/* Begin PBXBuildFile section */
		537CAA4299F6780F6092D470 /* AppIcon.icns in Resources */ = {isa = PBXBuildFile; fileRef = AC35A80D4A1FB8234BB3609C /* AppIcon.icns */; };
		63AFE40C2D27FCD03F76719D /* OneReaderAppMain.swift in Sources */ = {isa = PBXBuildFile; fileRef = DBBD99416CA13C7BA877D649 /* OneReaderAppMain.swift */; };
		87829D4261C000A7D0B88D73 /* OneReader in Frameworks */ = {isa = PBXBuildFile; productRef = 1155E2A027D2A803661F2668 /* OneReader */; };
		ADC23702128832AA7CC40F4F /* Assets.xcassets in Resources */ = {isa = PBXBuildFile; fileRef = 71F828313B2491EBEE250316 /* Assets.xcassets */; };
		B4FFED676BC2F2DA3238BA66 /* OneReaderAppMain.swift in Sources */ = {isa = PBXBuildFile; fileRef = DBBD99416CA13C7BA877D649 /* OneReaderAppMain.swift */; };
		C848FDB4DCDF402114E25962 /* Assets.xcassets in Resources */ = {isa = PBXBuildFile; fileRef = 71F828313B2491EBEE250316 /* Assets.xcassets */; };
		CC528FF16A933B19B7822CC5 /* ReaderTextViewportTests.swift in Sources */ = {isa = PBXBuildFile; fileRef = F2A9FBF0456879F944C03B40 /* ReaderTextViewportTests.swift */; };
		E8E5F4F02580EF77ACC1EAE5 /* OneReader in Frameworks */ = {isa = PBXBuildFile; productRef = 8DDA45D8EA2E9B9BE89EEF72 /* OneReader */; };
/* End PBXBuildFile section */

/* Begin PBXContainerItemProxy section */
		C5EE8BC7AF64794C6D0AD3B7 /* PBXContainerItemProxy */ = {
			isa = PBXContainerItemProxy;
			containerPortal = FCE2A9BCA1762BA7B07E18AF /* Project object */;
			proxyType = 1;
			remoteGlobalIDString = 503611D33A85C40C2ECE6455;
			remoteInfo = "OneReader-iOS";
		};
/* End PBXContainerItemProxy section */

/* Begin PBXFileReference section */
		23D7D8E77561E14CD57C434F /* OneReader-iOSLayoutTests.xctest */ = {isa = PBXFileReference; includeInIndex = 0; lastKnownFileType = wrapper.cfbundle; path = "OneReader-iOSLayoutTests.xctest"; sourceTree = BUILT_PRODUCTS_DIR; };
		37A507F39580BA6B365C546C /* OneReader-macOS.app */ = {isa = PBXFileReference; explicitFileType = wrapper.application; includeInIndex = 0; path = "OneReader-macOS.app"; sourceTree = BUILT_PRODUCTS_DIR; };
		71F828313B2491EBEE250316 /* Assets.xcassets */ = {isa = PBXFileReference; lastKnownFileType = folder.assetcatalog; path = Assets.xcassets; sourceTree = "<group>"; };
		AC35A80D4A1FB8234BB3609C /* AppIcon.icns */ = {isa = PBXFileReference; lastKnownFileType = image.icns; path = AppIcon.icns; sourceTree = "<group>"; };
		DBBD99416CA13C7BA877D649 /* OneReaderAppMain.swift */ = {isa = PBXFileReference; lastKnownFileType = sourcecode.swift; path = OneReaderAppMain.swift; sourceTree = "<group>"; };
		DBEF1849163B46570CEA9A4D /* OneReader-iOS.app */ = {isa = PBXFileReference; includeInIndex = 0; lastKnownFileType = wrapper.application; path = "OneReader-iOS.app"; sourceTree = BUILT_PRODUCTS_DIR; };
		E3E0827D8ED8AB0013796B4E /* OneReader */ = {isa = PBXFileReference; lastKnownFileType = folder; name = OneReader; path = .; sourceTree = SOURCE_ROOT; };
		F2A9FBF0456879F944C03B40 /* ReaderTextViewportTests.swift */ = {isa = PBXFileReference; lastKnownFileType = sourcecode.swift; path = ReaderTextViewportTests.swift; sourceTree = "<group>"; };
/* End PBXFileReference section */

/* Begin PBXFrameworksBuildPhase section */
		141C55B88CFD83C92781244B /* Frameworks */ = {
			isa = PBXFrameworksBuildPhase;
			buildActionMask = 2147483647;
			files = (
				87829D4261C000A7D0B88D73 /* OneReader in Frameworks */,
			);
			runOnlyForDeploymentPostprocessing = 0;
		};
		276F9E3320F91605F3097975 /* Frameworks */ = {
			isa = PBXFrameworksBuildPhase;
			buildActionMask = 2147483647;
			files = (
				E8E5F4F02580EF77ACC1EAE5 /* OneReader in Frameworks */,
			);
			runOnlyForDeploymentPostprocessing = 0;
		};
/* End PBXFrameworksBuildPhase section */

/* Begin PBXGroup section */
		26494A9FA94341852D9BA8B0 /* Products */ = {
			isa = PBXGroup;
			children = (
				DBEF1849163B46570CEA9A4D /* OneReader-iOS.app */,
				23D7D8E77561E14CD57C434F /* OneReader-iOSLayoutTests.xctest */,
				37A507F39580BA6B365C546C /* OneReader-macOS.app */,
			);
			name = Products;
			sourceTree = "<group>";
		};
		2F9F48BCD18290245CA25520 /* OneReaderApp */ = {
			isa = PBXGroup;
			children = (
				DBBD99416CA13C7BA877D649 /* OneReaderAppMain.swift */,
			);
			path = OneReaderApp;
			sourceTree = "<group>";
		};
		40018F42727E6BC7201D84B9 /* Resources */ = {
			isa = PBXGroup;
			children = (
				AC35A80D4A1FB8234BB3609C /* AppIcon.icns */,
				71F828313B2491EBEE250316 /* Assets.xcassets */,
			);
			path = Resources;
			sourceTree = "<group>";
		};
		40CD9439FA58A8DD94A75EE2 /* Apps */ = {
			isa = PBXGroup;
			children = (
				2F9F48BCD18290245CA25520 /* OneReaderApp */,
			);
			path = Apps;
			sourceTree = "<group>";
		};
		98A210E8751BFFDCEB10E00C /* OneReaderiOSTests */ = {
			isa = PBXGroup;
			children = (
				F2A9FBF0456879F944C03B40 /* ReaderTextViewportTests.swift */,
			);
			path = OneReaderiOSTests;
			sourceTree = "<group>";
		};
		9EFA17771F19E0607621DDBA /* Packages */ = {
			isa = PBXGroup;
			children = (
				E3E0827D8ED8AB0013796B4E /* OneReader */,
			);
			name = Packages;
			sourceTree = "<group>";
		};
		EDA843FA9A7FE2F0E8392EAC /* Tests */ = {
			isa = PBXGroup;
			children = (
				98A210E8751BFFDCEB10E00C /* OneReaderiOSTests */,
			);
			path = Tests;
			sourceTree = "<group>";
		};
		FD8CD49BB9DB53C57DCD0754 = {
			isa = PBXGroup;
			children = (
				40CD9439FA58A8DD94A75EE2 /* Apps */,
				9EFA17771F19E0607621DDBA /* Packages */,
				40018F42727E6BC7201D84B9 /* Resources */,
				EDA843FA9A7FE2F0E8392EAC /* Tests */,
				26494A9FA94341852D9BA8B0 /* Products */,
			);
			sourceTree = "<group>";
		};
/* End PBXGroup section */

/* Begin PBXNativeTarget section */
		3EB87B60C1D94393A0FF2F80 /* OneReader-macOS */ = {
			isa = PBXNativeTarget;
			buildConfigurationList = B4368A9C96D80A478299AB9A /* Build configuration list for PBXNativeTarget "OneReader-macOS" */;
			buildPhases = (
				C7E514D138E10D90CFA9B566 /* Sources */,
				88B081A09DFAAB5BD2781672 /* Resources */,
				276F9E3320F91605F3097975 /* Frameworks */,
			);
			buildRules = (
			);
			dependencies = (
			);
			name = "OneReader-macOS";
			packageProductDependencies = (
				8DDA45D8EA2E9B9BE89EEF72 /* OneReader */,
			);
			productName = "OneReader-macOS";
			productReference = 37A507F39580BA6B365C546C /* OneReader-macOS.app */;
			productType = "com.apple.product-type.application";
		};
		503611D33A85C40C2ECE6455 /* OneReader-iOS */ = {
			isa = PBXNativeTarget;
			buildConfigurationList = E33D3A4A8C0582C4A6C15CA9 /* Build configuration list for PBXNativeTarget "OneReader-iOS" */;
			buildPhases = (
				C37569E30DD9BE7F96BE6E4D /* Sources */,
				3BAF1713E9880F14FD7FA49A /* Resources */,
				141C55B88CFD83C92781244B /* Frameworks */,
			);
			buildRules = (
			);
			dependencies = (
			);
			name = "OneReader-iOS";
			packageProductDependencies = (
				1155E2A027D2A803661F2668 /* OneReader */,
			);
			productName = "OneReader-iOS";
			productReference = DBEF1849163B46570CEA9A4D /* OneReader-iOS.app */;
			productType = "com.apple.product-type.application";
		};
		6384B369E7EE7A1A0C564375 /* OneReader-iOSLayoutTests */ = {
			isa = PBXNativeTarget;
			buildConfigurationList = 0C57DB1E5562A11650A96DA2 /* Build configuration list for PBXNativeTarget "OneReader-iOSLayoutTests" */;
			buildPhases = (
				F5941665D1C850ED19F84098 /* Sources */,
			);
			buildRules = (
			);
			dependencies = (
				5ECCBD2DC870348E01CB7580 /* PBXTargetDependency */,
			);
			name = "OneReader-iOSLayoutTests";
			packageProductDependencies = (
			);
			productName = "OneReader-iOSLayoutTests";
			productReference = 23D7D8E77561E14CD57C434F /* OneReader-iOSLayoutTests.xctest */;
			productType = "com.apple.product-type.bundle.unit-test";
		};
/* End PBXNativeTarget section */

/* Begin PBXProject section */
		FCE2A9BCA1762BA7B07E18AF /* Project object */ = {
			isa = PBXProject;
			attributes = {
				BuildIndependentTargetsInParallel = YES;
				LastUpgradeCheck = 2660;
				TargetAttributes = {
				};
			};
			buildConfigurationList = 2A5B5A20F80BD2E85B3DA86E /* Build configuration list for PBXProject "OneReader" */;
			developmentRegion = en;
			hasScannedForEncodings = 0;
			knownRegions = (
				Base,
				en,
			);
			mainGroup = FD8CD49BB9DB53C57DCD0754;
			minimizedProjectReferenceProxies = 1;
			packageReferences = (
				7ACF892B124F7170BDF8BDE2 /* XCLocalSwiftPackageReference "." */,
			);
			preferredProjectObjectVersion = 77;
			productRefGroup = 26494A9FA94341852D9BA8B0 /* Products */;
			projectDirPath = "";
			projectRoot = "";
			targets = (
				503611D33A85C40C2ECE6455 /* OneReader-iOS */,
				6384B369E7EE7A1A0C564375 /* OneReader-iOSLayoutTests */,
				3EB87B60C1D94393A0FF2F80 /* OneReader-macOS */,
			);
		};
/* End PBXProject section */

/* Begin PBXResourcesBuildPhase section */
		3BAF1713E9880F14FD7FA49A /* Resources */ = {
			isa = PBXResourcesBuildPhase;
			buildActionMask = 2147483647;
			files = (
				ADC23702128832AA7CC40F4F /* Assets.xcassets in Resources */,
			);
			runOnlyForDeploymentPostprocessing = 0;
		};
		88B081A09DFAAB5BD2781672 /* Resources */ = {
			isa = PBXResourcesBuildPhase;
			buildActionMask = 2147483647;
			files = (
				537CAA4299F6780F6092D470 /* AppIcon.icns in Resources */,
				C848FDB4DCDF402114E25962 /* Assets.xcassets in Resources */,
			);
			runOnlyForDeploymentPostprocessing = 0;
		};
/* End PBXResourcesBuildPhase section */

/* Begin PBXSourcesBuildPhase section */
		C37569E30DD9BE7F96BE6E4D /* Sources */ = {
			isa = PBXSourcesBuildPhase;
			buildActionMask = 2147483647;
			files = (
				63AFE40C2D27FCD03F76719D /* OneReaderAppMain.swift in Sources */,
			);
			runOnlyForDeploymentPostprocessing = 0;
		};
		C7E514D138E10D90CFA9B566 /* Sources */ = {
			isa = PBXSourcesBuildPhase;
			buildActionMask = 2147483647;
			files = (
				B4FFED676BC2F2DA3238BA66 /* OneReaderAppMain.swift in Sources */,
			);
			runOnlyForDeploymentPostprocessing = 0;
		};
		F5941665D1C850ED19F84098 /* Sources */ = {
			isa = PBXSourcesBuildPhase;
			buildActionMask = 2147483647;
			files = (
				CC528FF16A933B19B7822CC5 /* ReaderTextViewportTests.swift in Sources */,
			);
			runOnlyForDeploymentPostprocessing = 0;
		};
/* End PBXSourcesBuildPhase section */

/* Begin PBXTargetDependency section */
		5ECCBD2DC870348E01CB7580 /* PBXTargetDependency */ = {
			isa = PBXTargetDependency;
			target = 503611D33A85C40C2ECE6455 /* OneReader-iOS */;
			targetProxy = C5EE8BC7AF64794C6D0AD3B7 /* PBXContainerItemProxy */;
		};
/* End PBXTargetDependency section */

/* Begin XCBuildConfiguration section */
		0D8CBC8E5AD384202591C6F5 /* Debug */ = {
			isa = XCBuildConfiguration;
			buildSettings = {
				ASSETCATALOG_COMPILER_APPICON_NAME = AppIcon;
				CODE_SIGN_ENTITLEMENTS = "Resources/OneReader-iOS.entitlements";
				CODE_SIGN_IDENTITY = "iPhone Developer";
				INFOPLIST_FILE = "Resources/Info-iOS.plist";
				IPHONEOS_DEPLOYMENT_TARGET = 26.1;
				LD_RUNPATH_SEARCH_PATHS = (
					"$(inherited)",
					"@executable_path/Frameworks",
				);
				PRODUCT_BUNDLE_IDENTIFIER = io.github.zzqDeco.OneReader;
				PRODUCT_MODULE_NAME = OneReaderMobileApp;
				PRODUCT_NAME = OneReader;
				SDKROOT = iphoneos;
				SUPPORTS_MACCATALYST = NO;
				TARGETED_DEVICE_FAMILY = "1,2";
			};
			name = Debug;
		};
		2AC478E418192E1E55F4FC2F /* Release */ = {
			isa = XCBuildConfiguration;
			buildSettings = {
				ASSETCATALOG_COMPILER_APPICON_NAME = AppIcon;
				CODE_SIGN_ENTITLEMENTS = Resources/OneReader.entitlements;
				COMBINE_HIDPI_IMAGES = YES;
				ENABLE_APP_SANDBOX = YES;
				ENABLE_HARDENED_RUNTIME = YES;
				INFOPLIST_FILE = Resources/Info.plist;
				LD_RUNPATH_SEARCH_PATHS = (
					"$(inherited)",
					"@executable_path/../Frameworks",
				);
				MACOSX_DEPLOYMENT_TARGET = 26.1;
				PRODUCT_BUNDLE_IDENTIFIER = io.github.zzqDeco.OneReader;
				PRODUCT_MODULE_NAME = OneReaderMacApp;
				PRODUCT_NAME = OneReader;
				SDKROOT = macosx;
			};
			name = Release;
		};
		45C17BBF6E91EE056892E75B /* Release */ = {
			isa = XCBuildConfiguration;
			buildSettings = {
				BUNDLE_LOADER = "$(TEST_HOST)";
				GENERATE_INFOPLIST_FILE = YES;
				IPHONEOS_DEPLOYMENT_TARGET = 26.1;
				LD_RUNPATH_SEARCH_PATHS = (
					"$(inherited)",
					"@executable_path/Frameworks",
					"@loader_path/Frameworks",
				);
				PRODUCT_BUNDLE_IDENTIFIER = io.github.zzqDeco.OneReader.LayoutTests;
				SDKROOT = iphoneos;
				SUPPORTS_MACCATALYST = NO;
				TARGETED_DEVICE_FAMILY = "1,2";
				TEST_HOST = "$(BUILT_PRODUCTS_DIR)/OneReader.app/OneReader";
			};
			name = Release;
		};
		5AACDA83A730E3C9351ACA58 /* Debug */ = {
			isa = XCBuildConfiguration;
			buildSettings = {
				ASSETCATALOG_COMPILER_APPICON_NAME = AppIcon;
				CODE_SIGN_ENTITLEMENTS = Resources/OneReader.entitlements;
				COMBINE_HIDPI_IMAGES = YES;
				ENABLE_APP_SANDBOX = YES;
				ENABLE_HARDENED_RUNTIME = YES;
				INFOPLIST_FILE = Resources/Info.plist;
				LD_RUNPATH_SEARCH_PATHS = (
					"$(inherited)",
					"@executable_path/../Frameworks",
				);
				MACOSX_DEPLOYMENT_TARGET = 26.1;
				PRODUCT_BUNDLE_IDENTIFIER = io.github.zzqDeco.OneReader;
				PRODUCT_MODULE_NAME = OneReaderMacApp;
				PRODUCT_NAME = OneReader;
				SDKROOT = macosx;
			};
			name = Debug;
		};
		926CB0F26FE59C5681CA7C7F /* Debug */ = {
			isa = XCBuildConfiguration;
			buildSettings = {
				BUNDLE_LOADER = "$(TEST_HOST)";
				GENERATE_INFOPLIST_FILE = YES;
				IPHONEOS_DEPLOYMENT_TARGET = 26.1;
				LD_RUNPATH_SEARCH_PATHS = (
					"$(inherited)",
					"@executable_path/Frameworks",
					"@loader_path/Frameworks",
				);
				PRODUCT_BUNDLE_IDENTIFIER = io.github.zzqDeco.OneReader.LayoutTests;
				SDKROOT = iphoneos;
				SUPPORTS_MACCATALYST = NO;
				TARGETED_DEVICE_FAMILY = "1,2";
				TEST_HOST = "$(BUILT_PRODUCTS_DIR)/OneReader.app/OneReader";
			};
			name = Debug;
		};
		CCBBED2F7144D8454AB4788C /* Debug */ = {
			isa = XCBuildConfiguration;
			buildSettings = {
				ALWAYS_SEARCH_USER_PATHS = NO;
				CLANG_ANALYZER_NONNULL = YES;
				CLANG_ANALYZER_NUMBER_OBJECT_CONVERSION = YES_AGGRESSIVE;
				CLANG_CXX_LANGUAGE_STANDARD = "gnu++14";
				CLANG_CXX_LIBRARY = "libc++";
				CLANG_ENABLE_MODULES = YES;
				CLANG_ENABLE_OBJC_ARC = YES;
				CLANG_ENABLE_OBJC_WEAK = YES;
				CLANG_WARN_BLOCK_CAPTURE_AUTORELEASING = YES;
				CLANG_WARN_BOOL_CONVERSION = YES;
				CLANG_WARN_COMMA = YES;
				CLANG_WARN_CONSTANT_CONVERSION = YES;
				CLANG_WARN_DEPRECATED_OBJC_IMPLEMENTATIONS = YES;
				CLANG_WARN_DIRECT_OBJC_ISA_USAGE = YES_ERROR;
				CLANG_WARN_DOCUMENTATION_COMMENTS = YES;
				CLANG_WARN_EMPTY_BODY = YES;
				CLANG_WARN_ENUM_CONVERSION = YES;
				CLANG_WARN_INFINITE_RECURSION = YES;
				CLANG_WARN_INT_CONVERSION = YES;
				CLANG_WARN_NON_LITERAL_NULL_CONVERSION = YES;
				CLANG_WARN_OBJC_IMPLICIT_RETAIN_SELF = YES;
				CLANG_WARN_OBJC_LITERAL_CONVERSION = YES;
				CLANG_WARN_OBJC_ROOT_CLASS = YES_ERROR;
				CLANG_WARN_QUOTED_INCLUDE_IN_FRAMEWORK_HEADER = YES;
				CLANG_WARN_RANGE_LOOP_ANALYSIS = YES;
				CLANG_WARN_STRICT_PROTOTYPES = YES;
				CLANG_WARN_SUSPICIOUS_MOVE = YES;
				CLANG_WARN_UNGUARDED_AVAILABILITY = YES_AGGRESSIVE;
				CLANG_WARN_UNREACHABLE_CODE = YES;
				CLANG_WARN__DUPLICATE_METHOD_MATCH = YES;
				COPY_PHASE_STRIP = NO;
				CURRENT_PROJECT_VERSION = 4;
				DEBUG_INFORMATION_FORMAT = dwarf;
				ENABLE_STRICT_OBJC_MSGSEND = YES;
				ENABLE_TESTABILITY = YES;
				GCC_C_LANGUAGE_STANDARD = gnu11;
				GCC_DYNAMIC_NO_PIC = NO;
				GCC_NO_COMMON_BLOCKS = YES;
				GCC_OPTIMIZATION_LEVEL = 0;
				GCC_PREPROCESSOR_DEFINITIONS = (
					"$(inherited)",
					"DEBUG=1",
				);
				GCC_WARN_64_TO_32_BIT_CONVERSION = YES;
				GCC_WARN_ABOUT_RETURN_TYPE = YES_ERROR;
				GCC_WARN_UNDECLARED_SELECTOR = YES;
				GCC_WARN_UNINITIALIZED_AUTOS = YES_AGGRESSIVE;
				GCC_WARN_UNUSED_FUNCTION = YES;
				GCC_WARN_UNUSED_VARIABLE = YES;
				IPHONEOS_DEPLOYMENT_TARGET = 26.1;
				MACOSX_DEPLOYMENT_TARGET = 26.1;
				MARKETING_VERSION = 0.3.1;
				MTL_ENABLE_DEBUG_INFO = INCLUDE_SOURCE;
				MTL_FAST_MATH = YES;
				ONLY_ACTIVE_ARCH = YES;
				PRODUCT_NAME = "$(TARGET_NAME)";
				SWIFT_ACTIVE_COMPILATION_CONDITIONS = DEBUG;
				SWIFT_OPTIMIZATION_LEVEL = "-Onone";
				SWIFT_STRICT_CONCURRENCY = complete;
				SWIFT_VERSION = 6.0;
			};
			name = Debug;
		};
		D78618DB1BC392BE3FC5C553 /* Release */ = {
			isa = XCBuildConfiguration;
			buildSettings = {
				ALWAYS_SEARCH_USER_PATHS = NO;
				CLANG_ANALYZER_NONNULL = YES;
				CLANG_ANALYZER_NUMBER_OBJECT_CONVERSION = YES_AGGRESSIVE;
				CLANG_CXX_LANGUAGE_STANDARD = "gnu++14";
				CLANG_CXX_LIBRARY = "libc++";
				CLANG_ENABLE_MODULES = YES;
				CLANG_ENABLE_OBJC_ARC = YES;
				CLANG_ENABLE_OBJC_WEAK = YES;
				CLANG_WARN_BLOCK_CAPTURE_AUTORELEASING = YES;
				CLANG_WARN_BOOL_CONVERSION = YES;
				CLANG_WARN_COMMA = YES;
				CLANG_WARN_CONSTANT_CONVERSION = YES;
				CLANG_WARN_DEPRECATED_OBJC_IMPLEMENTATIONS = YES;
				CLANG_WARN_DIRECT_OBJC_ISA_USAGE = YES_ERROR;
				CLANG_WARN_DOCUMENTATION_COMMENTS = YES;
				CLANG_WARN_EMPTY_BODY = YES;
				CLANG_WARN_ENUM_CONVERSION = YES;
				CLANG_WARN_INFINITE_RECURSION = YES;
				CLANG_WARN_INT_CONVERSION = YES;
				CLANG_WARN_NON_LITERAL_NULL_CONVERSION = YES;
				CLANG_WARN_OBJC_IMPLICIT_RETAIN_SELF = YES;
				CLANG_WARN_OBJC_LITERAL_CONVERSION = YES;
				CLANG_WARN_OBJC_ROOT_CLASS = YES_ERROR;
				CLANG_WARN_QUOTED_INCLUDE_IN_FRAMEWORK_HEADER = YES;
				CLANG_WARN_RANGE_LOOP_ANALYSIS = YES;
				CLANG_WARN_STRICT_PROTOTYPES = YES;
				CLANG_WARN_SUSPICIOUS_MOVE = YES;
				CLANG_WARN_UNGUARDED_AVAILABILITY = YES_AGGRESSIVE;
				CLANG_WARN_UNREACHABLE_CODE = YES;
				CLANG_WARN__DUPLICATE_METHOD_MATCH = YES;
				COPY_PHASE_STRIP = NO;
				CURRENT_PROJECT_VERSION = 4;
				DEBUG_INFORMATION_FORMAT = "dwarf-with-dsym";
				ENABLE_NS_ASSERTIONS = NO;
				ENABLE_STRICT_OBJC_MSGSEND = YES;
				GCC_C_LANGUAGE_STANDARD = gnu11;
				GCC_NO_COMMON_BLOCKS = YES;
				GCC_WARN_64_TO_32_BIT_CONVERSION = YES;
				GCC_WARN_ABOUT_RETURN_TYPE = YES_ERROR;
				GCC_WARN_UNDECLARED_SELECTOR = YES;
				GCC_WARN_UNINITIALIZED_AUTOS = YES_AGGRESSIVE;
				GCC_WARN_UNUSED_FUNCTION = YES;
				GCC_WARN_UNUSED_VARIABLE = YES;
				IPHONEOS_DEPLOYMENT_TARGET = 26.1;
				MACOSX_DEPLOYMENT_TARGET = 26.1;
				MARKETING_VERSION = 0.3.1;
				MTL_ENABLE_DEBUG_INFO = NO;
				MTL_FAST_MATH = YES;
				PRODUCT_NAME = "$(TARGET_NAME)";
				SWIFT_COMPILATION_MODE = wholemodule;
				SWIFT_OPTIMIZATION_LEVEL = "-O";
				SWIFT_STRICT_CONCURRENCY = complete;
				SWIFT_VERSION = 6.0;
			};
			name = Release;
		};
		EB5F144CC60D99D852D8012D /* Release */ = {
			isa = XCBuildConfiguration;
			buildSettings = {
				ASSETCATALOG_COMPILER_APPICON_NAME = AppIcon;
				CODE_SIGN_ENTITLEMENTS = "Resources/OneReader-iOS.entitlements";
				CODE_SIGN_IDENTITY = "iPhone Developer";
				INFOPLIST_FILE = "Resources/Info-iOS.plist";
				IPHONEOS_DEPLOYMENT_TARGET = 26.1;
				LD_RUNPATH_SEARCH_PATHS = (
					"$(inherited)",
					"@executable_path/Frameworks",
				);
				PRODUCT_BUNDLE_IDENTIFIER = io.github.zzqDeco.OneReader;
				PRODUCT_MODULE_NAME = OneReaderMobileApp;
				PRODUCT_NAME = OneReader;
				SDKROOT = iphoneos;
				SUPPORTS_MACCATALYST = NO;
				TARGETED_DEVICE_FAMILY = "1,2";
			};
			name = Release;
		};
/* End XCBuildConfiguration section */

/* Begin XCConfigurationList section */
		0C57DB1E5562A11650A96DA2 /* Build configuration list for PBXNativeTarget "OneReader-iOSLayoutTests" */ = {
			isa = XCConfigurationList;
			buildConfigurations = (
				926CB0F26FE59C5681CA7C7F /* Debug */,
				45C17BBF6E91EE056892E75B /* Release */,
			);
			defaultConfigurationIsVisible = 0;
			defaultConfigurationName = Debug;
		};
		2A5B5A20F80BD2E85B3DA86E /* Build configuration list for PBXProject "OneReader" */ = {
			isa = XCConfigurationList;
			buildConfigurations = (
				CCBBED2F7144D8454AB4788C /* Debug */,
				D78618DB1BC392BE3FC5C553 /* Release */,
			);
			defaultConfigurationIsVisible = 0;
			defaultConfigurationName = Debug;
		};
		B4368A9C96D80A478299AB9A /* Build configuration list for PBXNativeTarget "OneReader-macOS" */ = {
			isa = XCConfigurationList;
			buildConfigurations = (
				5AACDA83A730E3C9351ACA58 /* Debug */,
				2AC478E418192E1E55F4FC2F /* Release */,
			);
			defaultConfigurationIsVisible = 0;
			defaultConfigurationName = Debug;
		};
		E33D3A4A8C0582C4A6C15CA9 /* Build configuration list for PBXNativeTarget "OneReader-iOS" */ = {
			isa = XCConfigurationList;
			buildConfigurations = (
				0D8CBC8E5AD384202591C6F5 /* Debug */,
				EB5F144CC60D99D852D8012D /* Release */,
			);
			defaultConfigurationIsVisible = 0;
			defaultConfigurationName = Debug;
		};
/* End XCConfigurationList section */

/* Begin XCLocalSwiftPackageReference section */
		7ACF892B124F7170BDF8BDE2 /* XCLocalSwiftPackageReference "." */ = {
			isa = XCLocalSwiftPackageReference;
			relativePath = .;
		};
/* End XCLocalSwiftPackageReference section */

/* Begin XCSwiftPackageProductDependency section */
		1155E2A027D2A803661F2668 /* OneReader */ = {
			isa = XCSwiftPackageProductDependency;
			productName = OneReader;
		};
		8DDA45D8EA2E9B9BE89EEF72 /* OneReader */ = {
			isa = XCSwiftPackageProductDependency;
			productName = OneReader;
		};
/* End XCSwiftPackageProductDependency section */
	};
	rootObject = FCE2A9BCA1762BA7B07E18AF /* Project object */;
}
